
Microsoft Visual Studio Solution File, Format Version 12.00
# Visual Studio Version 17
VisualStudioVersion = 17.2.32630.192
MinimumVisualStudioVersion = 10.0.40219.1
Project("{FAE04EC0-301F-11D3-BF4B-00C04F79EFBC}") = "PocVenda.API", "PocVenda.API\PocVenda.API.csproj", "{696E38D5-FC9C-4E44-B808-F1238DE62068}"
EndProject
Global
	GlobalSection(SolutionConfigurationPlatforms) = preSolution
		Debug|Any CPU = Debug|Any CPU
		Release|Any CPU = Release|Any CPU
	EndGlobalSection
	GlobalSection(ProjectConfigurationPlatforms) = postSolution
		{696E38D5-FC9C-4E44-B808-F1238DE62068}.Debug|Any CPU.ActiveCfg = Debug|Any CPU
		{696E38D5-FC9C-4E44-B808-F1238DE62068}.Debug|Any CPU.Build.0 = Debug|Any CPU
		{696E38D5-FC9C-4E44-B808-F1238DE62068}.Release|Any CPU.ActiveCfg = Release|Any CPU
		{696E38D5-FC9C-4E44-B808-F1238DE62068}.Release|Any CPU.Build.0 = Release|Any CPU
	EndGlobalSection
	GlobalSection(SolutionProperties) = preSolution
		HideSolutionNode = FALSE
	EndGlobalSection
	GlobalSection(ExtensibilityGlobals) = postSolution
		SolutionGuid = {5A4468A3-D3B9-435B-B339-02395B5ACF91}
	EndGlobalSection
EndGlobal
